
Microsoft Visual Studio Solution File, Format Version 12.00
# Visual Studio 14
VisualStudioVersion = 14.0.25420.1
MinimumVisualStudioVersion = 10.0.40219.1
Project("{2150E333-8FDC-42A3-9474-1A3956D46DE8}") = "Sockets_Group", "Sockets_Group", "{C84FCCE6-5395-40E3-8DB6-09AD923A16DD}"
EndProject
Project("{2150E333-8FDC-42A3-9474-1A3956D46DE8}") = "Tasks", "Tasks", "{9BEE824F-0479-4B0B-A5DE-99AE5B8D3F93}"
EndProject
Project("{2150E333-8FDC-42A3-9474-1A3956D46DE8}") = "CodeAnalysis", "CodeAnalysis", "{D7E42587-5BCC-45F8-8C67-AD330099BAA3}"
EndProject
Project("{8BC9CEB8-8B4A-11D0-8D11-00A0C91BC942}") = "Receiver", "Remote\SocketHelper\Receiver\Receiver.vcxproj", "{CB1D8145-17D2-4BDD-82A5-41DF06B663FD}"
EndProject
Project("{8BC9CEB8-8B4A-11D0-8D11-00A0C91BC942}") = "Sender", "Remote\SocketHelper\Sender\Sender.vcxproj", "{15F259EE-84C8-46AB-8D13-2B81AB2F84D8}"
EndProject
Project("{8BC9CEB8-8B4A-11D0-8D11-00A0C91BC942}") = "Sockets", "Remote\SocketHelper\Sockets\Sockets.vcxproj", "{CA3129B8-1BF4-44C9-B116-53EC72D0BCCB}"
EndProject
Project("{FAE04EC0-301F-11D3-BF4B-00C04F79EFBC}") = "CSRemoteClient", "Remote\CSRemoteClient\CSRemoteClient.csproj", "{6FA16915-10CF-4F03-8D68-C65D90687775}"
EndProject
Project("{8BC9CEB8-8B4A-11D0-8D11-00A0C91BC942}") = "RemoteClient", "Remote\RemoteClient\RemoteClient.vcxproj", "{95B0331E-CBDF-482D-A791-23C6B2F50E42}"
EndProject
Project("{8BC9CEB8-8B4A-11D0-8D11-00A0C91BC942}") = "RemotePublisher", "Remote\RemotePublisher\RemotePublisher.vcxproj", "{5E0DA425-7D0E-4273-B180-45A37B7AE0F3}"
EndProject
Project("{8BC9CEB8-8B4A-11D0-8D11-00A0C91BC942}") = "Shim", "Remote\Shim\Shim.vcxproj", "{34B4F6CB-9C59-4FD3-B08D-5F31B78E89F8}"
EndProject
Project("{8BC9CEB8-8B4A-11D0-8D11-00A0C91BC942}") = "Task", "SharedProjects\Task\Task.vcxproj", "{536513D1-5710-4FC5-8F60-83BD3DA5F82C}"
EndProject
Project("{8BC9CEB8-8B4A-11D0-8D11-00A0C91BC942}") = "ThreadPool", "SharedProjects\ThreadPool\ThreadPool.vcxproj", "{17717EFD-8A8D-40BF-A837-EC19FBE21170}"
EndProject
Project("{8BC9CEB8-8B4A-11D0-8D11-00A0C91BC942}") = "Publisher", "CodeAnalysis\Publisher\Publisher.vcxproj", "{A7B06537-5DBD-4BAC-8E35-E0FA0907823E}"
EndProject
Global
	GlobalSection(SolutionConfigurationPlatforms) = preSolution
		Debug|Any CPU = Debug|Any CPU
		Debug|x64 = Debug|x64
		Debug|x86 = Debug|x86
		Release|Any CPU = Release|Any CPU
		Release|x64 = Release|x64
		Release|x86 = Release|x86
	EndGlobalSection
	GlobalSection(ProjectConfigurationPlatforms) = postSolution
		{CB1D8145-17D2-4BDD-82A5-41DF06B663FD}.Debug|Any CPU.ActiveCfg = Debug|Win32
		{CB1D8145-17D2-4BDD-82A5-41DF06B663FD}.Debug|x64.ActiveCfg = Debug|x64
		{CB1D8145-17D2-4BDD-82A5-41DF06B663FD}.Debug|x64.Build.0 = Debug|x64
		{CB1D8145-17D2-4BDD-82A5-41DF06B663FD}.Debug|x86.ActiveCfg = Debug|Win32
		{CB1D8145-17D2-4BDD-82A5-41DF06B663FD}.Debug|x86.Build.0 = Debug|Win32
		{CB1D8145-17D2-4BDD-82A5-41DF06B663FD}.Release|Any CPU.ActiveCfg = Release|Win32
		{CB1D8145-17D2-4BDD-82A5-41DF06B663FD}.Release|x64.ActiveCfg = Release|x64
		{CB1D8145-17D2-4BDD-82A5-41DF06B663FD}.Release|x64.Build.0 = Release|x64
		{CB1D8145-17D2-4BDD-82A5-41DF06B663FD}.Release|x86.ActiveCfg = Release|Win32
		{CB1D8145-17D2-4BDD-82A5-41DF06B663FD}.Release|x86.Build.0 = Release|Win32
		{15F259EE-84C8-46AB-8D13-2B81AB2F84D8}.Debug|Any CPU.ActiveCfg = Debug|Win32
		{15F259EE-84C8-46AB-8D13-2B81AB2F84D8}.Debug|x64.ActiveCfg = Debug|x64
		{15F259EE-84C8-46AB-8D13-2B81AB2F84D8}.Debug|x64.Build.0 = Debug|x64
		{15F259EE-84C8-46AB-8D13-2B81AB2F84D8}.Debug|x86.ActiveCfg = Debug|Win32
		{15F259EE-84C8-46AB-8D13-2B81AB2F84D8}.Debug|x86.Build.0 = Debug|Win32
		{15F259EE-84C8-46AB-8D13-2B81AB2F84D8}.Release|Any CPU.ActiveCfg = Release|Win32
		{15F259EE-84C8-46AB-8D13-2B81AB2F84D8}.Release|x64.ActiveCfg = Release|x64
		{15F259EE-84C8-46AB-8D13-2B81AB2F84D8}.Release|x64.Build.0 = Release|x64
		{15F259EE-84C8-46AB-8D13-2B81AB2F84D8}.Release|x86.ActiveCfg = Release|Win32
		{15F259EE-84C8-46AB-8D13-2B81AB2F84D8}.Release|x86.Build.0 = Release|Win32
		{CA3129B8-1BF4-44C9-B116-53EC72D0BCCB}.Debug|Any CPU.ActiveCfg = Debug|Win32
		{CA3129B8-1BF4-44C9-B116-53EC72D0BCCB}.Debug|x64.ActiveCfg = Debug|Win32
		{CA3129B8-1BF4-44C9-B116-53EC72D0BCCB}.Debug|x86.ActiveCfg = Debug|Win32
		{CA3129B8-1BF4-44C9-B116-53EC72D0BCCB}.Debug|x86.Build.0 = Debug|Win32
		{CA3129B8-1BF4-44C9-B116-53EC72D0BCCB}.Release|Any CPU.ActiveCfg = Release|Win32
		{CA3129B8-1BF4-44C9-B116-53EC72D0BCCB}.Release|x64.ActiveCfg = Release|Win32
		{CA3129B8-1BF4-44C9-B116-53EC72D0BCCB}.Release|x86.ActiveCfg = Release|Win32
		{CA3129B8-1BF4-44C9-B116-53EC72D0BCCB}.Release|x86.Build.0 = Release|Win32
		{6FA16915-10CF-4F03-8D68-C65D90687775}.Debug|Any CPU.ActiveCfg = Debug|Any CPU
		{6FA16915-10CF-4F03-8D68-C65D90687775}.Debug|Any CPU.Build.0 = Debug|Any CPU
		{6FA16915-10CF-4F03-8D68-C65D90687775}.Debug|x64.ActiveCfg = Debug|Any CPU
		{6FA16915-10CF-4F03-8D68-C65D90687775}.Debug|x64.Build.0 = Debug|Any CPU
		{6FA16915-10CF-4F03-8D68-C65D90687775}.Debug|x86.ActiveCfg = Debug|Any CPU
		{6FA16915-10CF-4F03-8D68-C65D90687775}.Debug|x86.Build.0 = Debug|Any CPU
		{6FA16915-10CF-4F03-8D68-C65D90687775}.Release|Any CPU.ActiveCfg = Release|Any CPU
		{6FA16915-10CF-4F03-8D68-C65D90687775}.Release|Any CPU.Build.0 = Release|Any CPU
		{6FA16915-10CF-4F03-8D68-C65D90687775}.Release|x64.ActiveCfg = Release|Any CPU
		{6FA16915-10CF-4F03-8D68-C65D90687775}.Release|x64.Build.0 = Release|Any CPU
		{6FA16915-10CF-4F03-8D68-C65D90687775}.Release|x86.ActiveCfg = Release|Any CPU
		{6FA16915-10CF-4F03-8D68-C65D90687775}.Release|x86.Build.0 = Release|Any CPU
		{95B0331E-CBDF-482D-A791-23C6B2F50E42}.Debug|Any CPU.ActiveCfg = Debug|Win32
		{95B0331E-CBDF-482D-A791-23C6B2F50E42}.Debug|x64.ActiveCfg = Debug|x64
		{95B0331E-CBDF-482D-A791-23C6B2F50E42}.Debug|x64.Build.0 = Debug|x64
		{95B0331E-CBDF-482D-A791-23C6B2F50E42}.Debug|x86.ActiveCfg = Debug|Win32
		{95B0331E-CBDF-482D-A791-23C6B2F50E42}.Debug|x86.Build.0 = Debug|Win32
		{95B0331E-CBDF-482D-A791-23C6B2F50E42}.Release|Any CPU.ActiveCfg = Release|Win32
		{95B0331E-CBDF-482D-A791-23C6B2F50E42}.Release|x64.ActiveCfg = Release|x64
		{95B0331E-CBDF-482D-A791-23C6B2F50E42}.Release|x64.Build.0 = Release|x64
		{95B0331E-CBDF-482D-A791-23C6B2F50E42}.Release|x86.ActiveCfg = Release|Win32
		{95B0331E-CBDF-482D-A791-23C6B2F50E42}.Release|x86.Build.0 = Release|Win32
		{5E0DA425-7D0E-4273-B180-45A37B7AE0F3}.Debug|Any CPU.ActiveCfg = Debug|Win32
		{5E0DA425-7D0E-4273-B180-45A37B7AE0F3}.Debug|x64.ActiveCfg = Debug|x64
		{5E0DA425-7D0E-4273-B180-45A37B7AE0F3}.Debug|x64.Build.0 = Debug|x64
		{5E0DA425-7D0E-4273-B180-45A37B7AE0F3}.Debug|x86.ActiveCfg = Debug|Win32
		{5E0DA425-7D0E-4273-B180-45A37B7AE0F3}.Debug|x86.Build.0 = Debug|Win32
		{5E0DA425-7D0E-4273-B180-45A37B7AE0F3}.Release|Any CPU.ActiveCfg = Release|Win32
		{5E0DA425-7D0E-4273-B180-45A37B7AE0F3}.Release|x64.ActiveCfg = Release|x64
		{5E0DA425-7D0E-4273-B180-45A37B7AE0F3}.Release|x64.Build.0 = Release|x64
		{5E0DA425-7D0E-4273-B180-45A37B7AE0F3}.Release|x86.ActiveCfg = Release|Win32
		{5E0DA425-7D0E-4273-B180-45A37B7AE0F3}.Release|x86.Build.0 = Release|Win32
		{34B4F6CB-9C59-4FD3-B08D-5F31B78E89F8}.Debug|Any CPU.ActiveCfg = Debug|Win32
		{34B4F6CB-9C59-4FD3-B08D-5F31B78E89F8}.Debug|x64.ActiveCfg = Debug|x64
		{34B4F6CB-9C59-4FD3-B08D-5F31B78E89F8}.Debug|x64.Build.0 = Debug|x64
		{34B4F6CB-9C59-4FD3-B08D-5F31B78E89F8}.Debug|x86.ActiveCfg = Debug|Win32
		{34B4F6CB-9C59-4FD3-B08D-5F31B78E89F8}.Debug|x86.Build.0 = Debug|Win32
		{34B4F6CB-9C59-4FD3-B08D-5F31B78E89F8}.Release|Any CPU.ActiveCfg = Release|Win32
		{34B4F6CB-9C59-4FD3-B08D-5F31B78E89F8}.Release|x64.ActiveCfg = Release|x64
		{34B4F6CB-9C59-4FD3-B08D-5F31B78E89F8}.Release|x64.Build.0 = Release|x64
		{34B4F6CB-9C59-4FD3-B08D-5F31B78E89F8}.Release|x86.ActiveCfg = Release|Win32
		{34B4F6CB-9C59-4FD3-B08D-5F31B78E89F8}.Release|x86.Build.0 = Release|Win32
		{536513D1-5710-4FC5-8F60-83BD3DA5F82C}.Debug|Any CPU.ActiveCfg = Debug|Win32
		{536513D1-5710-4FC5-8F60-83BD3DA5F82C}.Debug|x64.ActiveCfg = Debug|x64
		{536513D1-5710-4FC5-8F60-83BD3DA5F82C}.Debug|x64.Build.0 = Debug|x64
		{536513D1-5710-4FC5-8F60-83BD3DA5F82C}.Debug|x86.ActiveCfg = Debug|Win32
		{536513D1-5710-4FC5-8F60-83BD3DA5F82C}.Debug|x86.Build.0 = Debug|Win32
		{536513D1-5710-4FC5-8F60-83BD3DA5F82C}.Release|Any CPU.ActiveCfg = Release|Win32
		{536513D1-5710-4FC5-8F60-83BD3DA5F82C}.Release|x64.ActiveCfg = Release|x64
		{536513D1-5710-4FC5-8F60-83BD3DA5F82C}.Release|x64.Build.0 = Release|x64
		{536513D1-5710-4FC5-8F60-83BD3DA5F82C}.Release|x86.ActiveCfg = Release|Win32
		{536513D1-5710-4FC5-8F60-83BD3DA5F82C}.Release|x86.Build.0 = Release|Win32
		{17717EFD-8A8D-40BF-A837-EC19FBE21170}.Debug|Any CPU.ActiveCfg = Debug|Win32
		{17717EFD-8A8D-40BF-A837-EC19FBE21170}.Debug|x64.ActiveCfg = Debug|x64
		{17717EFD-8A8D-40BF-A837-EC19FBE21170}.Debug|x64.Build.0 = Debug|x64
		{17717EFD-8A8D-40BF-A837-EC19FBE21170}.Debug|x86.ActiveCfg = Debug|Win32
		{17717EFD-8A8D-40BF-A837-EC19FBE21170}.Debug|x86.Build.0 = Debug|Win32
		{17717EFD-8A8D-40BF-A837-EC19FBE21170}.Release|Any CPU.ActiveCfg = Release|Win32
		{17717EFD-8A8D-40BF-A837-EC19FBE21170}.Release|x64.ActiveCfg = Release|x64
		{17717EFD-8A8D-40BF-A837-EC19FBE21170}.Release|x64.Build.0 = Release|x64
		{17717EFD-8A8D-40BF-A837-EC19FBE21170}.Release|x86.ActiveCfg = Release|Win32
		{17717EFD-8A8D-40BF-A837-EC19FBE21170}.Release|x86.Build.0 = Release|Win32
		{A7B06537-5DBD-4BAC-8E35-E0FA0907823E}.Debug|Any CPU.ActiveCfg = Debug|Win32
		{A7B06537-5DBD-4BAC-8E35-E0FA0907823E}.Debug|x64.ActiveCfg = Debug|x64
		{A7B06537-5DBD-4BAC-8E35-E0FA0907823E}.Debug|x64.Build.0 = Debug|x64
		{A7B06537-5DBD-4BAC-8E35-E0FA0907823E}.Debug|x86.ActiveCfg = Debug|Win32
		{A7B06537-5DBD-4BAC-8E35-E0FA0907823E}.Debug|x86.Build.0 = Debug|Win32
		{A7B06537-5DBD-4BAC-8E35-E0FA0907823E}.Release|Any CPU.ActiveCfg = Release|Win32
		{A7B06537-5DBD-4BAC-8E35-E0FA0907823E}.Release|x64.ActiveCfg = Release|x64
		{A7B06537-5DBD-4BAC-8E35-E0FA0907823E}.Release|x64.Build.0 = Release|x64
		{A7B06537-5DBD-4BAC-8E35-E0FA0907823E}.Release|x86.ActiveCfg = Release|Win32
		{A7B06537-5DBD-4BAC-8E35-E0FA0907823E}.Release|x86.Build.0 = Release|Win32
	EndGlobalSection
	GlobalSection(SolutionProperties) = preSolution
		HideSolutionNode = FALSE
	EndGlobalSection
	GlobalSection(NestedProjects) = preSolution
		{CB1D8145-17D2-4BDD-82A5-41DF06B663FD} = {C84FCCE6-5395-40E3-8DB6-09AD923A16DD}
		{15F259EE-84C8-46AB-8D13-2B81AB2F84D8} = {C84FCCE6-5395-40E3-8DB6-09AD923A16DD}
		{CA3129B8-1BF4-44C9-B116-53EC72D0BCCB} = {C84FCCE6-5395-40E3-8DB6-09AD923A16DD}
		{536513D1-5710-4FC5-8F60-83BD3DA5F82C} = {9BEE824F-0479-4B0B-A5DE-99AE5B8D3F93}
		{17717EFD-8A8D-40BF-A837-EC19FBE21170} = {9BEE824F-0479-4B0B-A5DE-99AE5B8D3F93}
		{A7B06537-5DBD-4BAC-8E35-E0FA0907823E} = {D7E42587-5BCC-45F8-8C67-AD330099BAA3}
	EndGlobalSection
EndGlobal
